// !$*UTF8*$!
{
	archiveVersion = 1;
	classes = {
	};
	objectVersion = 56;
	objects = {

/* Begin PBXBuildFile section */
		2807B81629473B87003ABDBC /* NetworkManager.swift in Sources */ = {isa = PBXBuildFile; fileRef = 2807B81529473B87003ABDBC /* NetworkManager.swift */; };
		2807B81E294751BE003ABDBC /* AppDelegate.swift in Sources */ = {isa = PBXBuildFile; fileRef = 2807B81D294751BE003ABDBC /* AppDelegate.swift */; };
		2807B820294751BE003ABDBC /* SceneDelegate.swift in Sources */ = {isa = PBXBuildFile; fileRef = 2807B81F294751BE003ABDBC /* SceneDelegate.swift */; };
		2807B822294751BE003ABDBC /* ViewController.swift in Sources */ = {isa = PBXBuildFile; fileRef = 2807B821294751BE003ABDBC /* ViewController.swift */; };
		2807B825294751BE003ABDBC /* Main.storyboard in Resources */ = {isa = PBXBuildFile; fileRef = 2807B823294751BE003ABDBC /* Main.storyboard */; };
		2807B827294751BF003ABDBC /* Assets.xcassets in Resources */ = {isa = PBXBuildFile; fileRef = 2807B826294751BF003ABDBC /* Assets.xcassets */; };
		2807B82A294751BF003ABDBC /* LaunchScreen.storyboard in Resources */ = {isa = PBXBuildFile; fileRef = 2807B828294751BF003ABDBC /* LaunchScreen.storyboard */; };
		28DC4F51294B35E3009CF8D8 /* String+extension.swift in Sources */ = {isa = PBXBuildFile; fileRef = 28DC4F50294B35E3009CF8D8 /* String+extension.swift */; };
		28F732E32945C272007B059D /* AKNetworkManager.h in Headers */ = {isa = PBXBuildFile; fileRef = 28F732E22945C272007B059D /* AKNetworkManager.h */; settings = {ATTRIBUTES = (Public, ); }; };
		28F732EA2945C394007B059D /* Service.swift in Sources */ = {isa = PBXBuildFile; fileRef = 28F732E92945C394007B059D /* Service.swift */; };
		9307BA594483506B6DD1C0E7 /* Pods_AKNetworkManagerExample.framework in Frameworks */ = {isa = PBXBuildFile; fileRef = EC46BEEFAB8E9CF6620C0B07 /* Pods_AKNetworkManagerExample.framework */; };
		9DA562ED3ADD1B14DCE10E02 /* Pods_AKNetworkManager.framework in Frameworks */ = {isa = PBXBuildFile; fileRef = C19C94E03A058F542EB7F7DB /* Pods_AKNetworkManager.framework */; };
/* End PBXBuildFile section */

/* Begin PBXFileReference section */
		2807B81529473B87003ABDBC /* NetworkManager.swift */ = {isa = PBXFileReference; lastKnownFileType = sourcecode.swift; path = NetworkManager.swift; sourceTree = "<group>"; };
		2807B81B294751BE003ABDBC /* AKNetworkManagerExample.app */ = {isa = PBXFileReference; explicitFileType = wrapper.application; includeInIndex = 0; path = AKNetworkManagerExample.app; sourceTree = BUILT_PRODUCTS_DIR; };
		2807B81D294751BE003ABDBC /* AppDelegate.swift */ = {isa = PBXFileReference; lastKnownFileType = sourcecode.swift; path = AppDelegate.swift; sourceTree = "<group>"; };
		2807B81F294751BE003ABDBC /* SceneDelegate.swift */ = {isa = PBXFileReference; lastKnownFileType = sourcecode.swift; path = SceneDelegate.swift; sourceTree = "<group>"; };
		2807B821294751BE003ABDBC /* ViewController.swift */ = {isa = PBXFileReference; lastKnownFileType = sourcecode.swift; path = ViewController.swift; sourceTree = "<group>"; };
		2807B824294751BE003ABDBC /* Base */ = {isa = PBXFileReference; lastKnownFileType = file.storyboard; name = Base; path = Base.lproj/Main.storyboard; sourceTree = "<group>"; };
		2807B826294751BF003ABDBC /* Assets.xcassets */ = {isa = PBXFileReference; lastKnownFileType = folder.assetcatalog; path = Assets.xcassets; sourceTree = "<group>"; };
		2807B829294751BF003ABDBC /* Base */ = {isa = PBXFileReference; lastKnownFileType = file.storyboard; name = Base; path = Base.lproj/LaunchScreen.storyboard; sourceTree = "<group>"; };
		2807B82B294751BF003ABDBC /* Info.plist */ = {isa = PBXFileReference; lastKnownFileType = text.plist.xml; path = Info.plist; sourceTree = "<group>"; };
		28DC4F50294B35E3009CF8D8 /* String+extension.swift */ = {isa = PBXFileReference; lastKnownFileType = sourcecode.swift; path = "String+extension.swift"; sourceTree = "<group>"; };
		28F732DF2945C272007B059D /* AKNetworkManager.framework */ = {isa = PBXFileReference; explicitFileType = wrapper.framework; includeInIndex = 0; path = AKNetworkManager.framework; sourceTree = BUILT_PRODUCTS_DIR; };
		28F732E22945C272007B059D /* AKNetworkManager.h */ = {isa = PBXFileReference; lastKnownFileType = sourcecode.c.h; path = AKNetworkManager.h; sourceTree = "<group>"; };
		28F732E92945C394007B059D /* Service.swift */ = {isa = PBXFileReference; lastKnownFileType = sourcecode.swift; path = Service.swift; sourceTree = "<group>"; };
		2FE50019917A7E043F461BFD /* Pods-AKNetworkManagerExample.debug.xcconfig */ = {isa = PBXFileReference; includeInIndex = 1; lastKnownFileType = text.xcconfig; name = "Pods-AKNetworkManagerExample.debug.xcconfig"; path = "Target Support Files/Pods-AKNetworkManagerExample/Pods-AKNetworkManagerExample.debug.xcconfig"; sourceTree = "<group>"; };
		4FA445FE4352177033E90227 /* Pods-AKNetworkManagerExample.release.xcconfig */ = {isa = PBXFileReference; includeInIndex = 1; lastKnownFileType = text.xcconfig; name = "Pods-AKNetworkManagerExample.release.xcconfig"; path = "Target Support Files/Pods-AKNetworkManagerExample/Pods-AKNetworkManagerExample.release.xcconfig"; sourceTree = "<group>"; };
		8FD421A842EB3435416E1C2C /* Pods-AKNetworkManager.release.xcconfig */ = {isa = PBXFileReference; includeInIndex = 1; lastKnownFileType = text.xcconfig; name = "Pods-AKNetworkManager.release.xcconfig"; path = "Target Support Files/Pods-AKNetworkManager/Pods-AKNetworkManager.release.xcconfig"; sourceTree = "<group>"; };
		C19C94E03A058F542EB7F7DB /* Pods_AKNetworkManager.framework */ = {isa = PBXFileReference; explicitFileType = wrapper.framework; includeInIndex = 0; path = Pods_AKNetworkManager.framework; sourceTree = BUILT_PRODUCTS_DIR; };
		EC46BEEFAB8E9CF6620C0B07 /* Pods_AKNetworkManagerExample.framework */ = {isa = PBXFileReference; explicitFileType = wrapper.framework; includeInIndex = 0; path = Pods_AKNetworkManagerExample.framework; sourceTree = BUILT_PRODUCTS_DIR; };
		FF4200C79D17BF02F09036A5 /* Pods-AKNetworkManager.debug.xcconfig */ = {isa = PBXFileReference; includeInIndex = 1; lastKnownFileType = text.xcconfig; name = "Pods-AKNetworkManager.debug.xcconfig"; path = "Target Support Files/Pods-AKNetworkManager/Pods-AKNetworkManager.debug.xcconfig"; sourceTree = "<group>"; };
/* End PBXFileReference section */

/* Begin PBXFrameworksBuildPhase section */
		2807B818294751BE003ABDBC /* Frameworks */ = {
			isa = PBXFrameworksBuildPhase;
			buildActionMask = 2147483647;
			files = (
				9307BA594483506B6DD1C0E7 /* Pods_AKNetworkManagerExample.framework in Frameworks */,
			);
			runOnlyForDeploymentPostprocessing = 0;
		};
		28F732DC2945C272007B059D /* Frameworks */ = {
			isa = PBXFrameworksBuildPhase;
			buildActionMask = 2147483647;
			files = (
				9DA562ED3ADD1B14DCE10E02 /* Pods_AKNetworkManager.framework in Frameworks */,
			);
			runOnlyForDeploymentPostprocessing = 0;
		};
/* End PBXFrameworksBuildPhase section */

/* Begin PBXGroup section */
		2807B81129473B2B003ABDBC /* Source */ = {
			isa = PBXGroup;
			children = (
				2807B81329473B40003ABDBC /* Public */,
				2807B81229473B37003ABDBC /* Features */,
			);
			path = Source;
			sourceTree = "<group>";
		};
		2807B81229473B37003ABDBC /* Features */ = {
			isa = PBXGroup;
			children = (
			);
			path = Features;
			sourceTree = "<group>";
		};
		2807B81329473B40003ABDBC /* Public */ = {
			isa = PBXGroup;
			children = (
				2807B81429473B68003ABDBC /* NetworkManager */,
			);
			path = Public;
			sourceTree = "<group>";
		};
		2807B81429473B68003ABDBC /* NetworkManager */ = {
			isa = PBXGroup;
			children = (
				2807B81529473B87003ABDBC /* NetworkManager.swift */,
				28DC4F50294B35E3009CF8D8 /* String+extension.swift */,
			);
			path = NetworkManager;
			sourceTree = "<group>";
		};
		2807B81C294751BE003ABDBC /* AKNetworkManagerExample */ = {
			isa = PBXGroup;
			children = (
				2807B81D294751BE003ABDBC /* AppDelegate.swift */,
				2807B81F294751BE003ABDBC /* SceneDelegate.swift */,
				2807B821294751BE003ABDBC /* ViewController.swift */,
				2807B823294751BE003ABDBC /* Main.storyboard */,
				2807B826294751BF003ABDBC /* Assets.xcassets */,
				2807B828294751BF003ABDBC /* LaunchScreen.storyboard */,
				2807B82B294751BF003ABDBC /* Info.plist */,
			);
			path = AKNetworkManagerExample;
			sourceTree = "<group>";
		};
		28F732D52945C272007B059D = {
			isa = PBXGroup;
			children = (
				2807B81129473B2B003ABDBC /* Source */,
				28F732E12945C272007B059D /* AKNetworkManager */,
				2807B81C294751BE003ABDBC /* AKNetworkManagerExample */,
				28F732E02945C272007B059D /* Products */,
				48072863C8322CC818D015A8 /* Pods */,
				E967FDEEBED75C2095FE49BC /* Frameworks */,
			);
			sourceTree = "<group>";
		};
		28F732E02945C272007B059D /* Products */ = {
			isa = PBXGroup;
			children = (
				28F732DF2945C272007B059D /* AKNetworkManager.framework */,
				2807B81B294751BE003ABDBC /* AKNetworkManagerExample.app */,
			);
			name = Products;
			sourceTree = "<group>";
		};
		28F732E12945C272007B059D /* AKNetworkManager */ = {
			isa = PBXGroup;
			children = (
				28F732E22945C272007B059D /* AKNetworkManager.h */,
				28F732E92945C394007B059D /* Service.swift */,
			);
			path = AKNetworkManager;
			sourceTree = "<group>";
		};
		48072863C8322CC818D015A8 /* Pods */ = {
			isa = PBXGroup;
			children = (
				FF4200C79D17BF02F09036A5 /* Pods-AKNetworkManager.debug.xcconfig */,
				8FD421A842EB3435416E1C2C /* Pods-AKNetworkManager.release.xcconfig */,
				2FE50019917A7E043F461BFD /* Pods-AKNetworkManagerExample.debug.xcconfig */,
				4FA445FE4352177033E90227 /* Pods-AKNetworkManagerExample.release.xcconfig */,
			);
			path = Pods;
			sourceTree = "<group>";
		};
		E967FDEEBED75C2095FE49BC /* Frameworks */ = {
			isa = PBXGroup;
			children = (
				C19C94E03A058F542EB7F7DB /* Pods_AKNetworkManager.framework */,
				EC46BEEFAB8E9CF6620C0B07 /* Pods_AKNetworkManagerExample.framework */,
			);
			name = Frameworks;
			sourceTree = "<group>";
		};
/* End PBXGroup section */

/* Begin PBXHeadersBuildPhase section */
		28F732DA2945C272007B059D /* Headers */ = {
			isa = PBXHeadersBuildPhase;
			buildActionMask = 2147483647;
			files = (
				28F732E32945C272007B059D /* AKNetworkManager.h in Headers */,
			);
			runOnlyForDeploymentPostprocessing = 0;
		};
/* End PBXHeadersBuildPhase section */

/* Begin PBXNativeTarget section */
		2807B81A294751BE003ABDBC /* AKNetworkManagerExample */ = {
			isa = PBXNativeTarget;
			buildConfigurationList = 2807B82C294751BF003ABDBC /* Build configuration list for PBXNativeTarget "AKNetworkManagerExample" */;
			buildPhases = (
				9E42AED064365B405F52D8C8 /* [CP] Check Pods Manifest.lock */,
				2807B817294751BE003ABDBC /* Sources */,
				2807B818294751BE003ABDBC /* Frameworks */,
				2807B819294751BE003ABDBC /* Resources */,
				D60F26EAE861DFC5E9FDECB3 /* [CP] Embed Pods Frameworks */,
			);
			buildRules = (
			);
			dependencies = (
			);
			name = AKNetworkManagerExample;
			productName = AKNetworkManagerExample;
			productReference = 2807B81B294751BE003ABDBC /* AKNetworkManagerExample.app */;
			productType = "com.apple.product-type.application";
		};
		28F732DE2945C272007B059D /* AKNetworkManager */ = {
			isa = PBXNativeTarget;
			buildConfigurationList = 28F732E62945C272007B059D /* Build configuration list for PBXNativeTarget "AKNetworkManager" */;
			buildPhases = (
				575FF7F8463B6A80A1F3B1AC /* [CP] Check Pods Manifest.lock */,
				28F732DA2945C272007B059D /* Headers */,
				28F732DB2945C272007B059D /* Sources */,
				28F732DC2945C272007B059D /* Frameworks */,
				28F732DD2945C272007B059D /* Resources */,
			);
			buildRules = (
			);
			dependencies = (
			);
			name = AKNetworkManager;
			productName = AKNetworkManager;
			productReference = 28F732DF2945C272007B059D /* AKNetworkManager.framework */;
			productType = "com.apple.product-type.framework";
		};
/* End PBXNativeTarget section */

/* Begin PBXProject section */
		28F732D62945C272007B059D /* Project object */ = {
			isa = PBXProject;
			attributes = {
				BuildIndependentTargetsInParallel = 1;
				LastSwiftUpdateCheck = 1400;
				LastUpgradeCheck = 1400;
				TargetAttributes = {
					2807B81A294751BE003ABDBC = {
						CreatedOnToolsVersion = 14.0;
					};
					28F732DE2945C272007B059D = {
						CreatedOnToolsVersion = 14.0;
						LastSwiftMigration = 1400;
					};
				};
			};
			buildConfigurationList = 28F732D92945C272007B059D /* Build configuration list for PBXProject "AKNetworkManager" */;
			compatibilityVersion = "Xcode 14.0";
			developmentRegion = en;
			hasScannedForEncodings = 0;
			knownRegions = (
				en,
				Base,
			);
			mainGroup = 28F732D52945C272007B059D;
			productRefGroup = 28F732E02945C272007B059D /* Products */;
			projectDirPath = "";
			projectRoot = "";
			targets = (
				28F732DE2945C272007B059D /* AKNetworkManager */,
				2807B81A294751BE003ABDBC /* AKNetworkManagerExample */,
			);
		};
/* End PBXProject section */

/* Begin PBXResourcesBuildPhase section */
		2807B819294751BE003ABDBC /* Resources */ = {
			isa = PBXResourcesBuildPhase;
			buildActionMask = 2147483647;
			files = (
				2807B82A294751BF003ABDBC /* LaunchScreen.storyboard in Resources */,
				2807B827294751BF003ABDBC /* Assets.xcassets in Resources */,
				2807B825294751BE003ABDBC /* Main.storyboard in Resources */,
			);
			runOnlyForDeploymentPostprocessing = 0;
		};
		28F732DD2945C272007B059D /* Resources */ = {
			isa = PBXResourcesBuildPhase;
			buildActionMask = 2147483647;
			files = (
			);
			runOnlyForDeploymentPostprocessing = 0;
		};
/* End PBXResourcesBuildPhase section */

/* Begin PBXShellScriptBuildPhase section */
		575FF7F8463B6A80A1F3B1AC /* [CP] Check Pods Manifest.lock */ = {
			isa = PBXShellScriptBuildPhase;
			buildActionMask = 2147483647;
			files = (
			);
			inputFileListPaths = (
			);
			inputPaths = (
				"${PODS_PODFILE_DIR_PATH}/Podfile.lock",
				"${PODS_ROOT}/Manifest.lock",
			);
			name = "[CP] Check Pods Manifest.lock";
			outputFileListPaths = (
			);
			outputPaths = (
				"$(DERIVED_FILE_DIR)/Pods-AKNetworkManager-checkManifestLockResult.txt",
			);
			runOnlyForDeploymentPostprocessing = 0;
			shellPath = /bin/sh;
			shellScript = "diff \"${PODS_PODFILE_DIR_PATH}/Podfile.lock\" \"${PODS_ROOT}/Manifest.lock\" > /dev/null\nif [ $? != 0 ] ; then\n    # print error to STDERR\n    echo \"error: The sandbox is not in sync with the Podfile.lock. Run 'pod install' or update your CocoaPods installation.\" >&2\n    exit 1\nfi\n# This output is used by Xcode 'outputs' to avoid re-running this script phase.\necho \"SUCCESS\" > \"${SCRIPT_OUTPUT_FILE_0}\"\n";
			showEnvVarsInLog = 0;
		};
		9E42AED064365B405F52D8C8 /* [CP] Check Pods Manifest.lock */ = {
			isa = PBXShellScriptBuildPhase;
			buildActionMask = 2147483647;
			files = (
			);
			inputFileListPaths = (
			);
			inputPaths = (
				"${PODS_PODFILE_DIR_PATH}/Podfile.lock",
				"${PODS_ROOT}/Manifest.lock",
			);
			name = "[CP] Check Pods Manifest.lock";
			outputFileListPaths = (
			);
			outputPaths = (
				"$(DERIVED_FILE_DIR)/Pods-AKNetworkManagerExample-checkManifestLockResult.txt",
			);
			runOnlyForDeploymentPostprocessing = 0;
			shellPath = /bin/sh;
			shellScript = "diff \"${PODS_PODFILE_DIR_PATH}/Podfile.lock\" \"${PODS_ROOT}/Manifest.lock\" > /dev/null\nif [ $? != 0 ] ; then\n    # print error to STDERR\n    echo \"error: The sandbox is not in sync with the Podfile.lock. Run 'pod install' or update your CocoaPods installation.\" >&2\n    exit 1\nfi\n# This output is used by Xcode 'outputs' to avoid re-running this script phase.\necho \"SUCCESS\" > \"${SCRIPT_OUTPUT_FILE_0}\"\n";
			showEnvVarsInLog = 0;
		};
		D60F26EAE861DFC5E9FDECB3 /* [CP] Embed Pods Frameworks */ = {
			isa = PBXShellScriptBuildPhase;
			buildActionMask = 2147483647;
			files = (
			);
			inputFileListPaths = (
				"${PODS_ROOT}/Target Support Files/Pods-AKNetworkManagerExample/Pods-AKNetworkManagerExample-frameworks-${CONFIGURATION}-input-files.xcfilelist",
			);
			name = "[CP] Embed Pods Frameworks";
			outputFileListPaths = (
				"${PODS_ROOT}/Target Support Files/Pods-AKNetworkManagerExample/Pods-AKNetworkManagerExample-frameworks-${CONFIGURATION}-output-files.xcfilelist",
			);
			runOnlyForDeploymentPostprocessing = 0;
			shellPath = /bin/sh;
			shellScript = "\"${PODS_ROOT}/Target Support Files/Pods-AKNetworkManagerExample/Pods-AKNetworkManagerExample-frameworks.sh\"\n";
			showEnvVarsInLog = 0;
		};
/* End PBXShellScriptBuildPhase section */

/* Begin PBXSourcesBuildPhase section */
		2807B817294751BE003ABDBC /* Sources */ = {
			isa = PBXSourcesBuildPhase;
			buildActionMask = 2147483647;
			files = (
				2807B822294751BE003ABDBC /* ViewController.swift in Sources */,
				2807B81E294751BE003ABDBC /* AppDelegate.swift in Sources */,
				2807B820294751BE003ABDBC /* SceneDelegate.swift in Sources */,
			);
			runOnlyForDeploymentPostprocessing = 0;
		};
		28F732DB2945C272007B059D /* Sources */ = {
			isa = PBXSourcesBuildPhase;
			buildActionMask = 2147483647;
			files = (
				2807B81629473B87003ABDBC /* NetworkManager.swift in Sources */,
				28DC4F51294B35E3009CF8D8 /* String+extension.swift in Sources */,
				28F732EA2945C394007B059D /* Service.swift in Sources */,
			);
			runOnlyForDeploymentPostprocessing = 0;
		};
/* End PBXSourcesBuildPhase section */

/* Begin PBXVariantGroup section */
		2807B823294751BE003ABDBC /* Main.storyboard */ = {
			isa = PBXVariantGroup;
			children = (
				2807B824294751BE003ABDBC /* Base */,
			);
			name = Main.storyboard;
			sourceTree = "<group>";
		};
		2807B828294751BF003ABDBC /* LaunchScreen.storyboard */ = {
			isa = PBXVariantGroup;
			children = (
				2807B829294751BF003ABDBC /* Base */,
			);
			name = LaunchScreen.storyboard;
			sourceTree = "<group>";
		};
/* End PBXVariantGroup section */

/* Begin XCBuildConfiguration section */
		2807B82D294751BF003ABDBC /* Debug */ = {
			isa = XCBuildConfiguration;
			baseConfigurationReference = 2FE50019917A7E043F461BFD /* Pods-AKNetworkManagerExample.debug.xcconfig */;
			buildSettings = {
				ASSETCATALOG_COMPILER_APPICON_NAME = AppIcon;
				ASSETCATALOG_COMPILER_GLOBAL_ACCENT_COLOR_NAME = AccentColor;
				CODE_SIGN_STYLE = Automatic;
				CURRENT_PROJECT_VERSION = 1;
				GENERATE_INFOPLIST_FILE = YES;
				INFOPLIST_FILE = AKNetworkManagerExample/Info.plist;
				INFOPLIST_KEY_UIApplicationSupportsIndirectInputEvents = YES;
				INFOPLIST_KEY_UILaunchStoryboardName = LaunchScreen;
				INFOPLIST_KEY_UIMainStoryboardFile = Main;
				INFOPLIST_KEY_UISupportedInterfaceOrientations_iPad = "UIInterfaceOrientationPortrait UIInterfaceOrientationPortraitUpsideDown UIInterfaceOrientationLandscapeLeft UIInterfaceOrientationLandscapeRight";
				INFOPLIST_KEY_UISupportedInterfaceOrientations_iPhone = "UIInterfaceOrientationPortrait UIInterfaceOrientationLandscapeLeft UIInterfaceOrientationLandscapeRight";
				LD_RUNPATH_SEARCH_PATHS = (
					"$(inherited)",
					"@executable_path/Frameworks",
				);
				MARKETING_VERSION = 1.0;
				PRODUCT_BUNDLE_IDENTIFIER = com.hexa.AKNetworkManagerExample;
				PRODUCT_NAME = "$(TARGET_NAME)";
				SWIFT_EMIT_LOC_STRINGS = YES;
				SWIFT_VERSION = 5.0;
				TARGETED_DEVICE_FAMILY = "1,2";
			};
			name = Debug;
		};
		2807B82E294751BF003ABDBC /* Release */ = {
			isa = XCBuildConfiguration;
			baseConfigurationReference = 4FA445FE4352177033E90227 /* Pods-AKNetworkManagerExample.release.xcconfig */;
			buildSettings = {
				ASSETCATALOG_COMPILER_APPICON_NAME = AppIcon;
				ASSETCATALOG_COMPILER_GLOBAL_ACCENT_COLOR_NAME = AccentColor;
				CODE_SIGN_STYLE = Automatic;
				CURRENT_PROJECT_VERSION = 1;
				GENERATE_INFOPLIST_FILE = YES;
				INFOPLIST_FILE = AKNetworkManagerExample/Info.plist;
				INFOPLIST_KEY_UIApplicationSupportsIndirectInputEvents = YES;
				INFOPLIST_KEY_UILaunchStoryboardName = LaunchScreen;
				INFOPLIST_KEY_UIMainStoryboardFile = Main;
				INFOPLIST_KEY_UISupportedInterfaceOrientations_iPad = "UIInterfaceOrientationPortrait UIInterfaceOrientationPortraitUpsideDown UIInterfaceOrientationLandscapeLeft UIInterfaceOrientationLandscapeRight";
				INFOPLIST_KEY_UISupportedInterfaceOrientations_iPhone = "UIInterfaceOrientationPortrait UIInterfaceOrientationLandscapeLeft UIInterfaceOrientationLandscapeRight";
				LD_RUNPATH_SEARCH_PATHS = (
					"$(inherited)",
					"@executable_path/Frameworks",
				);
				MARKETING_VERSION = 1.0;
				PRODUCT_BUNDLE_IDENTIFIER = com.hexa.AKNetworkManagerExample;
				PRODUCT_NAME = "$(TARGET_NAME)";
				SWIFT_EMIT_LOC_STRINGS = YES;
				SWIFT_VERSION = 5.0;
				TARGETED_DEVICE_FAMILY = "1,2";
			};
			name = Release;
		};
		28F732E42945C272007B059D /* Debug */ = {
			isa = XCBuildConfiguration;
			buildSettings = {
				ALWAYS_SEARCH_USER_PATHS = NO;
				CLANG_ANALYZER_NONNULL = YES;
				CLANG_ANALYZER_NUMBER_OBJECT_CONVERSION = YES_AGGRESSIVE;
				CLANG_CXX_LANGUAGE_STANDARD = "gnu++20";
				CLANG_ENABLE_MODULES = YES;
				CLANG_ENABLE_OBJC_ARC = YES;
				CLANG_ENABLE_OBJC_WEAK = YES;
				CLANG_WARN_BLOCK_CAPTURE_AUTORELEASING = YES;
				CLANG_WARN_BOOL_CONVERSION = YES;
				CLANG_WARN_COMMA = YES;
				CLANG_WARN_CONSTANT_CONVERSION = YES;
				CLANG_WARN_DEPRECATED_OBJC_IMPLEMENTATIONS = YES;
				CLANG_WARN_DIRECT_OBJC_ISA_USAGE = YES_ERROR;
				CLANG_WARN_DOCUMENTATION_COMMENTS = YES;
				CLANG_WARN_EMPTY_BODY = YES;
				CLANG_WARN_ENUM_CONVERSION = YES;
				CLANG_WARN_INFINITE_RECURSION = YES;
				CLANG_WARN_INT_CONVERSION = YES;
				CLANG_WARN_NON_LITERAL_NULL_CONVERSION = YES;
				CLANG_WARN_OBJC_IMPLICIT_RETAIN_SELF = YES;
				CLANG_WARN_OBJC_LITERAL_CONVERSION = YES;
				CLANG_WARN_OBJC_ROOT_CLASS = YES_ERROR;
				CLANG_WARN_QUOTED_INCLUDE_IN_FRAMEWORK_HEADER = YES;
				CLANG_WARN_RANGE_LOOP_ANALYSIS = YES;
				CLANG_WARN_STRICT_PROTOTYPES = YES;
				CLANG_WARN_SUSPICIOUS_MOVE = YES;
				CLANG_WARN_UNGUARDED_AVAILABILITY = YES_AGGRESSIVE;
				CLANG_WARN_UNREACHABLE_CODE = YES;
				CLANG_WARN__DUPLICATE_METHOD_MATCH = YES;
				COPY_PHASE_STRIP = NO;
				CURRENT_PROJECT_VERSION = 1;
				DEBUG_INFORMATION_FORMAT = dwarf;
				ENABLE_STRICT_OBJC_MSGSEND = YES;
				ENABLE_TESTABILITY = YES;
				GCC_C_LANGUAGE_STANDARD = gnu11;
				GCC_DYNAMIC_NO_PIC = NO;
				GCC_NO_COMMON_BLOCKS = YES;
				GCC_OPTIMIZATION_LEVEL = 0;
				GCC_PREPROCESSOR_DEFINITIONS = (
					"DEBUG=1",
					"$(inherited)",
				);
				GCC_WARN_64_TO_32_BIT_CONVERSION = YES;
				GCC_WARN_ABOUT_RETURN_TYPE = YES_ERROR;
				GCC_WARN_UNDECLARED_SELECTOR = YES;
				GCC_WARN_UNINITIALIZED_AUTOS = YES_AGGRESSIVE;
				GCC_WARN_UNUSED_FUNCTION = YES;
				GCC_WARN_UNUSED_VARIABLE = YES;
				IPHONEOS_DEPLOYMENT_TARGET = 16.0;
				MTL_ENABLE_DEBUG_INFO = INCLUDE_SOURCE;
				MTL_FAST_MATH = YES;
				ONLY_ACTIVE_ARCH = YES;
				SDKROOT = iphoneos;
				SWIFT_ACTIVE_COMPILATION_CONDITIONS = DEBUG;
				SWIFT_OPTIMIZATION_LEVEL = "-Onone";
				VERSIONING_SYSTEM = "apple-generic";
				VERSION_INFO_PREFIX = "";
			};
			name = Debug;
		};
		28F732E52945C272007B059D /* Release */ = {
			isa = XCBuildConfiguration;
			buildSettings = {
				ALWAYS_SEARCH_USER_PATHS = NO;
				CLANG_ANALYZER_NONNULL = YES;
				CLANG_ANALYZER_NUMBER_OBJECT_CONVERSION = YES_AGGRESSIVE;
				CLANG_CXX_LANGUAGE_STANDARD = "gnu++20";
				CLANG_ENABLE_MODULES = YES;
				CLANG_ENABLE_OBJC_ARC = YES;
				CLANG_ENABLE_OBJC_WEAK = YES;
				CLANG_WARN_BLOCK_CAPTURE_AUTORELEASING = YES;
				CLANG_WARN_BOOL_CONVERSION = YES;
				CLANG_WARN_COMMA = YES;
				CLANG_WARN_CONSTANT_CONVERSION = YES;
				CLANG_WARN_DEPRECATED_OBJC_IMPLEMENTATIONS = YES;
				CLANG_WARN_DIRECT_OBJC_ISA_USAGE = YES_ERROR;
				CLANG_WARN_DOCUMENTATION_COMMENTS = YES;
				CLANG_WARN_EMPTY_BODY = YES;
				CLANG_WARN_ENUM_CONVERSION = YES;
				CLANG_WARN_INFINITE_RECURSION = YES;
				CLANG_WARN_INT_CONVERSION = YES;
				CLANG_WARN_NON_LITERAL_NULL_CONVERSION = YES;
				CLANG_WARN_OBJC_IMPLICIT_RETAIN_SELF = YES;
				CLANG_WARN_OBJC_LITERAL_CONVERSION = YES;
				CLANG_WARN_OBJC_ROOT_CLASS = YES_ERROR;
				CLANG_WARN_QUOTED_INCLUDE_IN_FRAMEWORK_HEADER = YES;
				CLANG_WARN_RANGE_LOOP_ANALYSIS = YES;
				CLANG_WARN_STRICT_PROTOTYPES = YES;
				CLANG_WARN_SUSPICIOUS_MOVE = YES;
				CLANG_WARN_UNGUARDED_AVAILABILITY = YES_AGGRESSIVE;
				CLANG_WARN_UNREACHABLE_CODE = YES;
				CLANG_WARN__DUPLICATE_METHOD_MATCH = YES;
				COPY_PHASE_STRIP = NO;
				CURRENT_PROJECT_VERSION = 1;
				DEBUG_INFORMATION_FORMAT = "dwarf-with-dsym";
				ENABLE_NS_ASSERTIONS = NO;
				ENABLE_STRICT_OBJC_MSGSEND = YES;
				GCC_C_LANGUAGE_STANDARD = gnu11;
				GCC_NO_COMMON_BLOCKS = YES;
				GCC_WARN_64_TO_32_BIT_CONVERSION = YES;
				GCC_WARN_ABOUT_RETURN_TYPE = YES_ERROR;
				GCC_WARN_UNDECLARED_SELECTOR = YES;
				GCC_WARN_UNINITIALIZED_AUTOS = YES_AGGRESSIVE;
				GCC_WARN_UNUSED_FUNCTION = YES;
				GCC_WARN_UNUSED_VARIABLE = YES;
				IPHONEOS_DEPLOYMENT_TARGET = 16.0;
				MTL_ENABLE_DEBUG_INFO = NO;
				MTL_FAST_MATH = YES;
				SDKROOT = iphoneos;
				SWIFT_COMPILATION_MODE = wholemodule;
				SWIFT_OPTIMIZATION_LEVEL = "-O";
				VALIDATE_PRODUCT = YES;
				VERSIONING_SYSTEM = "apple-generic";
				VERSION_INFO_PREFIX = "";
			};
			name = Release;
		};
		28F732E72945C272007B059D /* Debug */ = {
			isa = XCBuildConfiguration;
			baseConfigurationReference = FF4200C79D17BF02F09036A5 /* Pods-AKNetworkManager.debug.xcconfig */;
			buildSettings = {
				CLANG_ENABLE_MODULES = YES;
				CODE_SIGN_STYLE = Automatic;
				CURRENT_PROJECT_VERSION = 1;
				DEFINES_MODULE = YES;
				DYLIB_COMPATIBILITY_VERSION = 1;
				DYLIB_CURRENT_VERSION = 1;
				DYLIB_INSTALL_NAME_BASE = "@rpath";
				GENERATE_INFOPLIST_FILE = YES;
				INFOPLIST_KEY_NSHumanReadableCopyright = "";
				INSTALL_PATH = "$(LOCAL_LIBRARY_DIR)/Frameworks";
				LD_RUNPATH_SEARCH_PATHS = (
					"$(inherited)",
					"@executable_path/Frameworks",
					"@loader_path/Frameworks",
				);
				MARKETING_VERSION = 1.0;
				PRODUCT_BUNDLE_IDENTIFIER = com.hexa.AKNetworkManager;
				PRODUCT_NAME = "$(TARGET_NAME:c99extidentifier)";
				SKIP_INSTALL = YES;
				SWIFT_EMIT_LOC_STRINGS = YES;
				SWIFT_OPTIMIZATION_LEVEL = "-Onone";
				SWIFT_VERSION = 5.0;
				TARGETED_DEVICE_FAMILY = "1,2";
			};
			name = Debug;
		};
		28F732E82945C272007B059D /* Release */ = {
			isa = XCBuildConfiguration;
			baseConfigurationReference = 8FD421A842EB3435416E1C2C /* Pods-AKNetworkManager.release.xcconfig */;
			buildSettings = {
				CLANG_ENABLE_MODULES = YES;
				CODE_SIGN_STYLE = Automatic;
				CURRENT_PROJECT_VERSION = 1;
				DEFINES_MODULE = YES;
				DYLIB_COMPATIBILITY_VERSION = 1;
				DYLIB_CURRENT_VERSION = 1;
				DYLIB_INSTALL_NAME_BASE = "@rpath";
				GENERATE_INFOPLIST_FILE = YES;
				INFOPLIST_KEY_NSHumanReadableCopyright = "";
				INSTALL_PATH = "$(LOCAL_LIBRARY_DIR)/Frameworks";
				LD_RUNPATH_SEARCH_PATHS = (
					"$(inherited)",
					"@executable_path/Frameworks",
					"@loader_path/Frameworks",
				);
				MARKETING_VERSION = 1.0;
				PRODUCT_BUNDLE_IDENTIFIER = com.hexa.AKNetworkManager;
				PRODUCT_NAME = "$(TARGET_NAME:c99extidentifier)";
				SKIP_INSTALL = YES;
				SWIFT_EMIT_LOC_STRINGS = YES;
				SWIFT_VERSION = 5.0;
				TARGETED_DEVICE_FAMILY = "1,2";
			};
			name = Release;
		};
/* End XCBuildConfiguration section */

/* Begin XCConfigurationList section */
		2807B82C294751BF003ABDBC /* Build configuration list for PBXNativeTarget "AKNetworkManagerExample" */ = {
			isa = XCConfigurationList;
			buildConfigurations = (
				2807B82D294751BF003ABDBC /* Debug */,
				2807B82E294751BF003ABDBC /* Release */,
			);
			defaultConfigurationIsVisible = 0;
			defaultConfigurationName = Release;
		};
		28F732D92945C272007B059D /* Build configuration list for PBXProject "AKNetworkManager" */ = {
			isa = XCConfigurationList;
			buildConfigurations = (
				28F732E42945C272007B059D /* Debug */,
				28F732E52945C272007B059D /* Release */,
			);
			defaultConfigurationIsVisible = 0;
			defaultConfigurationName = Release;
		};
		28F732E62945C272007B059D /* Build configuration list for PBXNativeTarget "AKNetworkManager" */ = {
			isa = XCConfigurationList;
			buildConfigurations = (
				28F732E72945C272007B059D /* Debug */,
				28F732E82945C272007B059D /* Release */,
			);
			defaultConfigurationIsVisible = 0;
			defaultConfigurationName = Release;
		};
/* End XCConfigurationList section */
	};
	rootObject = 28F732D62945C272007B059D /* Project object */;
}
